{
  "originHash" : "1b73857071489e88c39c4051845cdafd595f131c2a480cf6e3c882d9f35dcde4",
  "pins" : [
    {
      "identity" : "dynamicnotchkit",
      "kind" : "remoteSourceControl",
      "location" : "https://github.com/MrKai77/DynamicNotchKit",
      "state" : {
        "branch" : "main",
        "revision" : "0f2213c671585db887f53e86812134a7a6cc74e5"
      }
    },
    {
      "identity" : "launchatlogin-modern",
      "kind" : "remoteSourceControl",
      "location" : "https://github.com/sindresorhus/LaunchAtLogin-Modern",
      "state" : {
        "branch" : "main",
        "revision" : "a04ec1c363be3627734f6dad757d82f5d4fa8fcc"
      }
    },
    {
      "identity" : "luminare?tab=readme-ov-file",
      "kind" : "remoteSourceControl",
      "location" : "https://github.com/MrKai77/Luminare?tab=readme-ov-file",
      "state" : {
        "branch" : "main",
        "revision" : "a9c1d600e972c5523c27eb7cd84637f4f05beaaa"
      }
    }
  ],
  "version" : 3
}
