{
  "originHash" : "b12a323f8869948f724a6dceadb25f444922df7ede4193cc5a88d0c3d02cf4d8",
  "pins" : [
    {
      "identity" : "colibricomponents-macos",
      "kind" : "remoteSourceControl",
      "location" : "https://github.com/david-swift/ColibriComponents-macOS",
      "state" : {
        "revision" : "ce8b4accee3361a904831a3c659de0c99369e8bf",
        "version" : "0.1.11"
      }
    },
    {
      "identity" : "dynamicnotchkit",
      "kind" : "remoteSourceControl",
      "location" : "https://github.com/MrKai77/DynamicNotchKit",
      "state" : {
        "branch" : "main",
        "revision" : "0f2213c671585db887f53e86812134a7a6cc74e5"
      }
    },
    {
      "identity" : "launchatlogin-modern",
      "kind" : "remoteSourceControl",
      "location" : "https://github.com/sindresorhus/LaunchAtLogin-Modern",
      "state" : {
        "branch" : "main",
        "revision" : "a04ec1c363be3627734f6dad757d82f5d4fa8fcc"
      }
    },
    {
      "identity" : "luminare-safe",
      "kind" : "remoteSourceControl",
      "location" : "https://github.com/asboy2035/Luminare-Safe",
      "state" : {
        "branch" : "main",
        "revision" : "5224d7921361bd2b8c5edfbf867b2bf6e9c9a3da"
      }
    },
    {
      "identity" : "networkimage",
      "kind" : "remoteSourceControl",
      "location" : "https://github.com/gonzalezreal/NetworkImage",
      "state" : {
        "revision" : "2849f5323265386e200484b0d0f896e73c3411b9",
        "version" : "6.0.1"
      }
    },
    {
      "identity" : "settingskit-macos",
      "kind" : "remoteSourceControl",
      "location" : "https://github.com/david-swift/SettingsKit-macOS",
      "state" : {
        "revision" : "a4f3b11fb6db32478e040d4e8249fc1bf2d7d5d9",
        "version" : "0.2.4"
      }
    },
    {
      "identity" : "sfsafesymbols",
      "kind" : "remoteSourceControl",
      "location" : "https://github.com/SFSafeSymbols/SFSafeSymbols",
      "state" : {
        "revision" : "7cca2d60925876b5953a2cf7341cd80fbeac983c",
        "version" : "4.1.1"
      }
    },
    {
      "identity" : "swift-cmark",
      "kind" : "remoteSourceControl",
      "location" : "https://github.com/swiftlang/swift-cmark",
      "state" : {
        "revision" : "3ccff77b2dc5b96b77db3da0d68d28068593fa53",
        "version" : "0.5.0"
      }
    },
    {
      "identity" : "swift-markdown-ui",
      "kind" : "remoteSourceControl",
      "location" : "https://github.com/gonzalezreal/swift-markdown-ui",
      "state" : {
        "revision" : "5f613358148239d0292c0cef674a3c2314737f9e",
        "version" : "2.4.1"
      }
    },
    {
      "identity" : "swiftlintplugin",
      "kind" : "remoteSourceControl",
      "location" : "https://github.com/lukepistrol/SwiftLintPlugin",
      "state" : {
        "revision" : "3825ebf8d55bb877c91bc897e8e3d0c001f16fba",
        "version" : "0.58.2"
      }
    }
  ],
  "version" : 3
}
